
Microsoft Visual Studio Solution File, Format Version 12.00
# Visual Studio Version 16
VisualStudioVersion = 16.0.31515.178
MinimumVisualStudioVersion = 10.0.40219.1
Project("{FAE04EC0-301F-11D3-BF4B-00C04F79EFBC}") = "SignalRChat", "SignalRChat\SignalRChat.csproj", "{B35343B1-6E39-4C99-BB90-BE45314B3A5F}"
EndProject
Project("{FAE04EC0-301F-11D3-BF4B-00C04F79EFBC}") = "SignalRChatClient", "SignalRChatClient\SignalRChatClient.csproj", "{C3311D8A-3E89-48A6-B997-2DA468719244}"
EndProject
Global
	GlobalSection(SolutionConfigurationPlatforms) = preSolution
		Debug|Any CPU = Debug|Any CPU
		Release|Any CPU = Release|Any CPU
	EndGlobalSection
	GlobalSection(ProjectConfigurationPlatforms) = postSolution
		{B35343B1-6E39-4C99-BB90-BE45314B3A5F}.Debug|Any CPU.ActiveCfg = Debug|Any CPU
		{B35343B1-6E39-4C99-BB90-BE45314B3A5F}.Debug|Any CPU.Build.0 = Debug|Any CPU
		{B35343B1-6E39-4C99-BB90-BE45314B3A5F}.Release|Any CPU.ActiveCfg = Release|Any CPU
		{B35343B1-6E39-4C99-BB90-BE45314B3A5F}.Release|Any CPU.Build.0 = Release|Any CPU
		{C3311D8A-3E89-48A6-B997-2DA468719244}.Debug|Any CPU.ActiveCfg = Debug|Any CPU
		{C3311D8A-3E89-48A6-B997-2DA468719244}.Debug|Any CPU.Build.0 = Debug|Any CPU
		{C3311D8A-3E89-48A6-B997-2DA468719244}.Release|Any CPU.ActiveCfg = Release|Any CPU
		{C3311D8A-3E89-48A6-B997-2DA468719244}.Release|Any CPU.Build.0 = Release|Any CPU
	EndGlobalSection
	GlobalSection(SolutionProperties) = preSolution
		HideSolutionNode = FALSE
	EndGlobalSection
	GlobalSection(ExtensibilityGlobals) = postSolution
		SolutionGuid = {31816B4B-9C20-4A1D-9FDB-7A496F47C0AA}
	EndGlobalSection
EndGlobal
